
Microsoft Visual Studio Solution File, Format Version 12.00
# Visual Studio Version 17
VisualStudioVersion = 17.8.34408.163
MinimumVisualStudioVersion = 10.0.40219.1
Project("{FAE04EC0-301F-11D3-BF4B-00C04F79EFBC}") = "InvenTracker", "InvenTracker\InvenTracker.csproj", "{9C887C56-402C-4EFF-B9E4-8112E9558878}"
EndProject
Project("{FAE04EC0-301F-11D3-BF4B-00C04F79EFBC}") = "InvenTracker.Api", "InvenTracker.Api\InvenTracker.Api.csproj", "{594FD80D-1EAA-4E8F-8152-DB9A85C09DF3}"
EndProject
Global
	GlobalSection(SolutionConfigurationPlatforms) = preSolution
		Debug|Any CPU = Debug|Any CPU
		Release|Any CPU = Release|Any CPU
	EndGlobalSection
	GlobalSection(ProjectConfigurationPlatforms) = postSolution
		{9C887C56-402C-4EFF-B9E4-8112E9558878}.Debug|Any CPU.ActiveCfg = Debug|Any CPU
		{9C887C56-402C-4EFF-B9E4-8112E9558878}.Debug|Any CPU.Build.0 = Debug|Any CPU
		{9C887C56-402C-4EFF-B9E4-8112E9558878}.Debug|Any CPU.Deploy.0 = Debug|Any CPU
		{9C887C56-402C-4EFF-B9E4-8112E9558878}.Release|Any CPU.ActiveCfg = Release|Any CPU
		{9C887C56-402C-4EFF-B9E4-8112E9558878}.Release|Any CPU.Build.0 = Release|Any CPU
		{9C887C56-402C-4EFF-B9E4-8112E9558878}.Release|Any CPU.Deploy.0 = Release|Any CPU
		{594FD80D-1EAA-4E8F-8152-DB9A85C09DF3}.Debug|Any CPU.ActiveCfg = Debug|Any CPU
		{594FD80D-1EAA-4E8F-8152-DB9A85C09DF3}.Debug|Any CPU.Build.0 = Debug|Any CPU
		{594FD80D-1EAA-4E8F-8152-DB9A85C09DF3}.Release|Any CPU.ActiveCfg = Release|Any CPU
		{594FD80D-1EAA-4E8F-8152-DB9A85C09DF3}.Release|Any CPU.Build.0 = Release|Any CPU
	EndGlobalSection
	GlobalSection(SolutionProperties) = preSolution
		HideSolutionNode = FALSE
	EndGlobalSection
	GlobalSection(ExtensibilityGlobals) = postSolution
		SolutionGuid = {D3757D04-50CA-4C52-A3C9-433B132CD8ED}
	EndGlobalSection
EndGlobal
